// !$*UTF8*$!
{
	archiveVersion = 1;
	classes = {
	};
	objectVersion = 55;
	objects = {

/* Begin PBXBuildFile section */
		047CB366285A8B3D0099F98D /* NoteTableView.swift in Sources */ = {isa = PBXBuildFile; fileRef = 047CB365285A8B3D0099F98D /* NoteTableView.swift */; };
		047CB368285A8C290099F98D /* NoteCell.swift in Sources */ = {isa = PBXBuildFile; fileRef = 047CB367285A8C290099F98D /* NoteCell.swift */; };
		047CB36A285A93170099F98D /* NoteDetailVC.swift in Sources */ = {isa = PBXBuildFile; fileRef = 047CB369285A93170099F98D /* NoteDetailVC.swift */; };
		047CB36C285A94FD0099F98D /* Note.swift in Sources */ = {isa = PBXBuildFile; fileRef = 047CB36B285A94FD0099F98D /* Note.swift */; };
		047CB370285A98330099F98D /* NoteDBHelp.swift in Sources */ = {isa = PBXBuildFile; fileRef = 047CB36F285A98330099F98D /* NoteDBHelp.swift */; };
		256DD8262858D7CE000FD8CB /* MusicStreamingViewController.swift in Sources */ = {isa = PBXBuildFile; fileRef = 256DD8252858D7CE000FD8CB /* MusicStreamingViewController.swift */; };
		256DD8282858D7E9000FD8CB /* SongsCollectionViewCell.swift in Sources */ = {isa = PBXBuildFile; fileRef = 256DD8272858D7E9000FD8CB /* SongsCollectionViewCell.swift */; };
		256DD82A2858D801000FD8CB /* Song.swift in Sources */ = {isa = PBXBuildFile; fileRef = 256DD8292858D801000FD8CB /* Song.swift */; };
		256DD82C2858D80C000FD8CB /* Player.swift in Sources */ = {isa = PBXBuildFile; fileRef = 256DD82B2858D80C000FD8CB /* Player.swift */; };
		7E7ADDB9285D1AB000BA7953 /* Failed.mp3 in Resources */ = {isa = PBXBuildFile; fileRef = 7E7ADDB8285D1AB000BA7953 /* Failed.mp3 */; };
		7E7ADDBB285D1AB500BA7953 /* Passed.mp3 in Resources */ = {isa = PBXBuildFile; fileRef = 7E7ADDBA285D1AB500BA7953 /* Passed.mp3 */; };
		7E7ADDBD285D1B6200BA7953 /* QuizCollectionViewCell.swift in Sources */ = {isa = PBXBuildFile; fileRef = 7E7ADDBC285D1B6200BA7953 /* QuizCollectionViewCell.swift */; };
		7E7ADDBF285D1B6A00BA7953 /* QuestionaireTableViewCell.swift in Sources */ = {isa = PBXBuildFile; fileRef = 7E7ADDBE285D1B6A00BA7953 /* QuestionaireTableViewCell.swift */; };
		7E7ADDC1285D1B6D00BA7953 /* QuestionaireViewController.swift in Sources */ = {isa = PBXBuildFile; fileRef = 7E7ADDC0285D1B6D00BA7953 /* QuestionaireViewController.swift */; };
		7E7ADDC3285D1B7100BA7953 /* QuizResultViewController.swift in Sources */ = {isa = PBXBuildFile; fileRef = 7E7ADDC2285D1B7100BA7953 /* QuizResultViewController.swift */; };
		7E7ADDC5285D1B7800BA7953 /* ReviewTableViewCell.swift in Sources */ = {isa = PBXBuildFile; fileRef = 7E7ADDC4285D1B7800BA7953 /* ReviewTableViewCell.swift */; };
		7E7ADDC7285D1B9100BA7953 /* QuizResultViewModel.swift in Sources */ = {isa = PBXBuildFile; fileRef = 7E7ADDC6285D1B9100BA7953 /* QuizResultViewModel.swift */; };
		7E7ADDC9285D1B9700BA7953 /* QuestionaireViewModel.swift in Sources */ = {isa = PBXBuildFile; fileRef = 7E7ADDC8285D1B9700BA7953 /* QuestionaireViewModel.swift */; };
		7E7ADDCB285D1B9B00BA7953 /* QuizViewModel.swift in Sources */ = {isa = PBXBuildFile; fileRef = 7E7ADDCA285D1B9B00BA7953 /* QuizViewModel.swift */; };
		7ECAEC9828570C2A00AC3B11 /* UserSingleton.swift in Sources */ = {isa = PBXBuildFile; fileRef = 7ECAEC9728570C2A00AC3B11 /* UserSingleton.swift */; };
		7ECAEC9A28570C6200AC3B11 /* APIModels.swift in Sources */ = {isa = PBXBuildFile; fileRef = 7ECAEC9928570C6200AC3B11 /* APIModels.swift */; };
		7ECAEC9C28570CB900AC3B11 /* MusicSearchManager.swift in Sources */ = {isa = PBXBuildFile; fileRef = 7ECAEC9B28570CB900AC3B11 /* MusicSearchManager.swift */; };
		7EE4E10A285141C600E0373E /* SearchViewController.swift in Sources */ = {isa = PBXBuildFile; fileRef = 7EE4E109285141C600E0373E /* SearchViewController.swift */; };
		7EE4E10C285141EA00E0373E /* SearchViewModel.swift in Sources */ = {isa = PBXBuildFile; fileRef = 7EE4E10B285141EA00E0373E /* SearchViewModel.swift */; };
		7EE644072859371A00AE353C /* QuizModels.swift in Sources */ = {isa = PBXBuildFile; fileRef = 7EE644062859371A00AE353C /* QuizModels.swift */; };
		7EE64409285937D000AE353C /* QuizDBHelper.swift in Sources */ = {isa = PBXBuildFile; fileRef = 7EE64408285937D000AE353C /* QuizDBHelper.swift */; };
		7EE6440B28593B0E00AE353C /* QuizPopulator.swift in Sources */ = {isa = PBXBuildFile; fileRef = 7EE6440A28593B0E00AE353C /* QuizPopulator.swift */; };
		7EE6440D28593D8700AE353C /* QuizViewController.swift in Sources */ = {isa = PBXBuildFile; fileRef = 7EE6440C28593D8700AE353C /* QuizViewController.swift */; };
		841EA1912851367600318BCA /* AppDelegate.swift in Sources */ = {isa = PBXBuildFile; fileRef = 841EA1902851367600318BCA /* AppDelegate.swift */; };
		841EA1932851367600318BCA /* SceneDelegate.swift in Sources */ = {isa = PBXBuildFile; fileRef = 841EA1922851367600318BCA /* SceneDelegate.swift */; };
		841EA1952851367600318BCA /* ViewController.swift in Sources */ = {isa = PBXBuildFile; fileRef = 841EA1942851367600318BCA /* ViewController.swift */; };
		841EA1982851367600318BCA /* Main.storyboard in Resources */ = {isa = PBXBuildFile; fileRef = 841EA1962851367600318BCA /* Main.storyboard */; };
		841EA19B2851367600318BCA /* TakeItEasy.xcdatamodeld in Sources */ = {isa = PBXBuildFile; fileRef = 841EA1992851367600318BCA /* TakeItEasy.xcdatamodeld */; };
		841EA19D2851367900318BCA /* Assets.xcassets in Resources */ = {isa = PBXBuildFile; fileRef = 841EA19C2851367900318BCA /* Assets.xcassets */; };
		841EA1A02851367900318BCA /* LaunchScreen.storyboard in Resources */ = {isa = PBXBuildFile; fileRef = 841EA19E2851367900318BCA /* LaunchScreen.storyboard */; };
		84575D5F2853C43000339A17 /* LoginViewController.swift in Sources */ = {isa = PBXBuildFile; fileRef = 84575D5E2853C43000339A17 /* LoginViewController.swift */; };
		84575D612853C71B00339A17 /* RegisterViewController.swift in Sources */ = {isa = PBXBuildFile; fileRef = 84575D602853C71B00339A17 /* RegisterViewController.swift */; };
		84575D632853C7D400339A17 /* KeyChainManger.swift in Sources */ = {isa = PBXBuildFile; fileRef = 84575D622853C7D400339A17 /* KeyChainManger.swift */; };
		84575D662853C86A00339A17 /* User+CoreDataClass.swift in Sources */ = {isa = PBXBuildFile; fileRef = 84575D642853C86A00339A17 /* User+CoreDataClass.swift */; };
		84575D672853C86A00339A17 /* User+CoreDataProperties.swift in Sources */ = {isa = PBXBuildFile; fileRef = 84575D652853C86A00339A17 /* User+CoreDataProperties.swift */; };
		84575DEC285BBD5F00339A17 /* BookSearchCollectionViewCell.swift in Sources */ = {isa = PBXBuildFile; fileRef = 84575DEB285BBD5F00339A17 /* BookSearchCollectionViewCell.swift */; };
		84575DEE285F9DB600339A17 /* OTPViewController.swift in Sources */ = {isa = PBXBuildFile; fileRef = 84575DED285F9DB600339A17 /* OTPViewController.swift */; };
		84575DF1285FA0B000339A17 /* OTPView.swift in Sources */ = {isa = PBXBuildFile; fileRef = 84575DF0285FA0B000339A17 /* OTPView.swift */; };
		84940BA228539F4F0089F333 /* bookSample.pdf in Resources */ = {isa = PBXBuildFile; fileRef = 84940BA128539F4F0089F333 /* bookSample.pdf */; };
		84DB6B8728514F52000813FF /* BooksViewController.swift in Sources */ = {isa = PBXBuildFile; fileRef = 84DB6B8628514F52000813FF /* BooksViewController.swift */; };
		84DB6B892851927A000813FF /* GeneralBooksCollectionViewCell.swift in Sources */ = {isa = PBXBuildFile; fileRef = 84DB6B882851927A000813FF /* GeneralBooksCollectionViewCell.swift */; };
		84DB6B8B285192AF000813FF /* CookBooksCollectionViewCell.swift in Sources */ = {isa = PBXBuildFile; fileRef = 84DB6B8A285192AE000813FF /* CookBooksCollectionViewCell.swift */; };
		84DB6B8D285192D9000813FF /* TechnicalBooksCollectionViewCell.swift in Sources */ = {isa = PBXBuildFile; fileRef = 84DB6B8C285192D9000813FF /* TechnicalBooksCollectionViewCell.swift */; };
		84DB6B8F28523082000813FF /* BookPDFViewController.swift in Sources */ = {isa = PBXBuildFile; fileRef = 84DB6B8E28523082000813FF /* BookPDFViewController.swift */; };
/* End PBXBuildFile section */

/* Begin PBXFileReference section */
		047CB365285A8B3D0099F98D /* NoteTableView.swift */ = {isa = PBXFileReference; lastKnownFileType = sourcecode.swift; path = NoteTableView.swift; sourceTree = "<group>"; };
		047CB367285A8C290099F98D /* NoteCell.swift */ = {isa = PBXFileReference; lastKnownFileType = sourcecode.swift; path = NoteCell.swift; sourceTree = "<group>"; };
		047CB369285A93170099F98D /* NoteDetailVC.swift */ = {isa = PBXFileReference; lastKnownFileType = sourcecode.swift; path = NoteDetailVC.swift; sourceTree = "<group>"; };
		047CB36B285A94FD0099F98D /* Note.swift */ = {isa = PBXFileReference; lastKnownFileType = sourcecode.swift; path = Note.swift; sourceTree = "<group>"; };
		047CB36F285A98330099F98D /* NoteDBHelp.swift */ = {isa = PBXFileReference; lastKnownFileType = sourcecode.swift; path = NoteDBHelp.swift; sourceTree = "<group>"; };
		256DD8252858D7CE000FD8CB /* MusicStreamingViewController.swift */ = {isa = PBXFileReference; lastKnownFileType = sourcecode.swift; path = MusicStreamingViewController.swift; sourceTree = "<group>"; };
		256DD8272858D7E9000FD8CB /* SongsCollectionViewCell.swift */ = {isa = PBXFileReference; lastKnownFileType = sourcecode.swift; path = SongsCollectionViewCell.swift; sourceTree = "<group>"; };
		256DD8292858D801000FD8CB /* Song.swift */ = {isa = PBXFileReference; lastKnownFileType = sourcecode.swift; path = Song.swift; sourceTree = "<group>"; };
		256DD82B2858D80C000FD8CB /* Player.swift */ = {isa = PBXFileReference; lastKnownFileType = sourcecode.swift; path = Player.swift; sourceTree = "<group>"; };
		7E7ADDB8285D1AB000BA7953 /* Failed.mp3 */ = {isa = PBXFileReference; lastKnownFileType = audio.mp3; path = Failed.mp3; sourceTree = "<group>"; };
		7E7ADDBA285D1AB500BA7953 /* Passed.mp3 */ = {isa = PBXFileReference; lastKnownFileType = audio.mp3; path = Passed.mp3; sourceTree = "<group>"; };
		7E7ADDBC285D1B6200BA7953 /* QuizCollectionViewCell.swift */ = {isa = PBXFileReference; fileEncoding = 4; lastKnownFileType = sourcecode.swift; path = QuizCollectionViewCell.swift; sourceTree = "<group>"; };
		7E7ADDBE285D1B6A00BA7953 /* QuestionaireTableViewCell.swift */ = {isa = PBXFileReference; fileEncoding = 4; lastKnownFileType = sourcecode.swift; path = QuestionaireTableViewCell.swift; sourceTree = "<group>"; };
		7E7ADDC0285D1B6D00BA7953 /* QuestionaireViewController.swift */ = {isa = PBXFileReference; fileEncoding = 4; lastKnownFileType = sourcecode.swift; path = QuestionaireViewController.swift; sourceTree = "<group>"; };
		7E7ADDC2285D1B7100BA7953 /* QuizResultViewController.swift */ = {isa = PBXFileReference; fileEncoding = 4; lastKnownFileType = sourcecode.swift; path = QuizResultViewController.swift; sourceTree = "<group>"; };
		7E7ADDC4285D1B7800BA7953 /* ReviewTableViewCell.swift */ = {isa = PBXFileReference; fileEncoding = 4; lastKnownFileType = sourcecode.swift; path = ReviewTableViewCell.swift; sourceTree = "<group>"; };
		7E7ADDC6285D1B9100BA7953 /* QuizResultViewModel.swift */ = {isa = PBXFileReference; fileEncoding = 4; lastKnownFileType = sourcecode.swift; path = QuizResultViewModel.swift; sourceTree = "<group>"; };
		7E7ADDC8285D1B9700BA7953 /* QuestionaireViewModel.swift */ = {isa = PBXFileReference; fileEncoding = 4; lastKnownFileType = sourcecode.swift; path = QuestionaireViewModel.swift; sourceTree = "<group>"; };
		7E7ADDCA285D1B9B00BA7953 /* QuizViewModel.swift */ = {isa = PBXFileReference; fileEncoding = 4; lastKnownFileType = sourcecode.swift; path = QuizViewModel.swift; sourceTree = "<group>"; };
		7ECAEC9728570C2A00AC3B11 /* UserSingleton.swift */ = {isa = PBXFileReference; lastKnownFileType = sourcecode.swift; path = UserSingleton.swift; sourceTree = "<group>"; };
		7ECAEC9928570C6200AC3B11 /* APIModels.swift */ = {isa = PBXFileReference; lastKnownFileType = sourcecode.swift; path = APIModels.swift; sourceTree = "<group>"; };
		7ECAEC9B28570CB900AC3B11 /* MusicSearchManager.swift */ = {isa = PBXFileReference; lastKnownFileType = sourcecode.swift; path = MusicSearchManager.swift; sourceTree = "<group>"; };
		7EE4E109285141C600E0373E /* SearchViewController.swift */ = {isa = PBXFileReference; lastKnownFileType = sourcecode.swift; name = SearchViewController.swift; path = TakeItEasy/SearchViewController.swift; sourceTree = SOURCE_ROOT; };
		7EE4E10B285141EA00E0373E /* SearchViewModel.swift */ = {isa = PBXFileReference; lastKnownFileType = sourcecode.swift; name = SearchViewModel.swift; path = TakeItEasy/SearchViewModel.swift; sourceTree = SOURCE_ROOT; };
		7EE644062859371A00AE353C /* QuizModels.swift */ = {isa = PBXFileReference; lastKnownFileType = sourcecode.swift; path = QuizModels.swift; sourceTree = "<group>"; };
		7EE64408285937D000AE353C /* QuizDBHelper.swift */ = {isa = PBXFileReference; lastKnownFileType = sourcecode.swift; path = QuizDBHelper.swift; sourceTree = "<group>"; };
		7EE6440A28593B0E00AE353C /* QuizPopulator.swift */ = {isa = PBXFileReference; lastKnownFileType = sourcecode.swift; path = QuizPopulator.swift; sourceTree = "<group>"; };
		7EE6440C28593D8700AE353C /* QuizViewController.swift */ = {isa = PBXFileReference; lastKnownFileType = sourcecode.swift; path = QuizViewController.swift; sourceTree = "<group>"; };
		841EA18D2851367600318BCA /* TakeItEasy.app */ = {isa = PBXFileReference; explicitFileType = wrapper.application; includeInIndex = 0; path = TakeItEasy.app; sourceTree = BUILT_PRODUCTS_DIR; };
		841EA1902851367600318BCA /* AppDelegate.swift */ = {isa = PBXFileReference; lastKnownFileType = sourcecode.swift; path = AppDelegate.swift; sourceTree = "<group>"; };
		841EA1922851367600318BCA /* SceneDelegate.swift */ = {isa = PBXFileReference; lastKnownFileType = sourcecode.swift; path = SceneDelegate.swift; sourceTree = "<group>"; };
		841EA1942851367600318BCA /* ViewController.swift */ = {isa = PBXFileReference; lastKnownFileType = sourcecode.swift; path = ViewController.swift; sourceTree = "<group>"; };
		841EA1972851367600318BCA /* Base */ = {isa = PBXFileReference; lastKnownFileType = file.storyboard; name = Base; path = Base.lproj/Main.storyboard; sourceTree = "<group>"; };
		841EA19A2851367600318BCA /* TakeItEasy.xcdatamodel */ = {isa = PBXFileReference; lastKnownFileType = wrapper.xcdatamodel; path = TakeItEasy.xcdatamodel; sourceTree = "<group>"; };
		841EA19C2851367900318BCA /* Assets.xcassets */ = {isa = PBXFileReference; lastKnownFileType = folder.assetcatalog; path = Assets.xcassets; sourceTree = "<group>"; };
		841EA19F2851367900318BCA /* Base */ = {isa = PBXFileReference; lastKnownFileType = file.storyboard; name = Base; path = Base.lproj/LaunchScreen.storyboard; sourceTree = "<group>"; };
		841EA1A12851367900318BCA /* Info.plist */ = {isa = PBXFileReference; lastKnownFileType = text.plist.xml; path = Info.plist; sourceTree = "<group>"; };
		84575D5E2853C43000339A17 /* LoginViewController.swift */ = {isa = PBXFileReference; lastKnownFileType = sourcecode.swift; path = LoginViewController.swift; sourceTree = "<group>"; };
		84575D602853C71B00339A17 /* RegisterViewController.swift */ = {isa = PBXFileReference; lastKnownFileType = sourcecode.swift; path = RegisterViewController.swift; sourceTree = "<group>"; };
		84575D622853C7D400339A17 /* KeyChainManger.swift */ = {isa = PBXFileReference; lastKnownFileType = sourcecode.swift; path = KeyChainManger.swift; sourceTree = "<group>"; };
		84575D642853C86A00339A17 /* User+CoreDataClass.swift */ = {isa = PBXFileReference; lastKnownFileType = sourcecode.swift; path = "User+CoreDataClass.swift"; sourceTree = "<group>"; };
		84575D652853C86A00339A17 /* User+CoreDataProperties.swift */ = {isa = PBXFileReference; lastKnownFileType = sourcecode.swift; path = "User+CoreDataProperties.swift"; sourceTree = "<group>"; };
		84575DEB285BBD5F00339A17 /* BookSearchCollectionViewCell.swift */ = {isa = PBXFileReference; lastKnownFileType = sourcecode.swift; path = BookSearchCollectionViewCell.swift; sourceTree = "<group>"; };
		84575DED285F9DB600339A17 /* OTPViewController.swift */ = {isa = PBXFileReference; lastKnownFileType = sourcecode.swift; path = OTPViewController.swift; sourceTree = "<group>"; };
		84575DF0285FA0B000339A17 /* OTPView.swift */ = {isa = PBXFileReference; lastKnownFileType = sourcecode.swift; path = OTPView.swift; sourceTree = "<group>"; };
		84940BA128539F4F0089F333 /* bookSample.pdf */ = {isa = PBXFileReference; lastKnownFileType = image.pdf; path = bookSample.pdf; sourceTree = "<group>"; };
		84DB6B8628514F52000813FF /* BooksViewController.swift */ = {isa = PBXFileReference; lastKnownFileType = sourcecode.swift; path = BooksViewController.swift; sourceTree = "<group>"; };
		84DB6B882851927A000813FF /* GeneralBooksCollectionViewCell.swift */ = {isa = PBXFileReference; lastKnownFileType = sourcecode.swift; path = GeneralBooksCollectionViewCell.swift; sourceTree = "<group>"; };
		84DB6B8A285192AE000813FF /* CookBooksCollectionViewCell.swift */ = {isa = PBXFileReference; lastKnownFileType = sourcecode.swift; path = CookBooksCollectionViewCell.swift; sourceTree = "<group>"; };
		84DB6B8C285192D9000813FF /* TechnicalBooksCollectionViewCell.swift */ = {isa = PBXFileReference; lastKnownFileType = sourcecode.swift; path = TechnicalBooksCollectionViewCell.swift; sourceTree = "<group>"; };
		84DB6B8E28523082000813FF /* BookPDFViewController.swift */ = {isa = PBXFileReference; lastKnownFileType = sourcecode.swift; path = BookPDFViewController.swift; sourceTree = "<group>"; };
/* End PBXFileReference section */

/* Begin PBXFrameworksBuildPhase section */
		841EA18A2851367600318BCA /* Frameworks */ = {
			isa = PBXFrameworksBuildPhase;
			buildActionMask = 2147483647;
			files = (
			);
			runOnlyForDeploymentPostprocessing = 0;
		};
/* End PBXFrameworksBuildPhase section */

/* Begin PBXGroup section */
		256DD8242858D79E000FD8CB /* Music */ = {
			isa = PBXGroup;
			children = (
				256DD8252858D7CE000FD8CB /* MusicStreamingViewController.swift */,
				256DD8272858D7E9000FD8CB /* SongsCollectionViewCell.swift */,
				256DD8292858D801000FD8CB /* Song.swift */,
				256DD82B2858D80C000FD8CB /* Player.swift */,
			);
			path = Music;
			sourceTree = "<group>";
		};
		7E7ADDB7285D1A9F00BA7953 /* SoundEffects */ = {
			isa = PBXGroup;
			children = (
				7E7ADDB8285D1AB000BA7953 /* Failed.mp3 */,
				7E7ADDBA285D1AB500BA7953 /* Passed.mp3 */,
			);
			path = SoundEffects;
			sourceTree = "<group>";
		};
		7EE64405285936B400AE353C /* Helpers */ = {
			isa = PBXGroup;
			children = (
				7EE6440A28593B0E00AE353C /* QuizPopulator.swift */,
				7EE64408285937D000AE353C /* QuizDBHelper.swift */,
				7ECAEC9B28570CB900AC3B11 /* MusicSearchManager.swift */,
			);
			path = Helpers;
			sourceTree = "<group>";
		};
		841EA1842851367600318BCA = {
			isa = PBXGroup;
			children = (
				841EA18F2851367600318BCA /* TakeItEasy */,
				841EA18E2851367600318BCA /* Products */,
			);
			sourceTree = "<group>";
		};
		841EA18E2851367600318BCA /* Products */ = {
			isa = PBXGroup;
			children = (
				841EA18D2851367600318BCA /* TakeItEasy.app */,
			);
			name = Products;
			sourceTree = "<group>";
		};
		841EA18F2851367600318BCA /* TakeItEasy */ = {
			isa = PBXGroup;
			children = (
				84575DEF285FA0A100339A17 /* OTPView */,
				7E7ADDB7285D1A9F00BA7953 /* SoundEffects */,
				7EE64405285936B400AE353C /* Helpers */,
				256DD8242858D79E000FD8CB /* Music */,
				84575D682853C9A000339A17 /* UserModel */,
				84DB6B9228523FC3000813FF /* BooksPDFs */,
				841EA1A92851373E00318BCA /* Controllers */,
				841EA1A82851373500318BCA /* ViewModels */,
				841EA1A7285136BD00318BCA /* Models */,
				841EA1902851367600318BCA /* AppDelegate.swift */,
				841EA1922851367600318BCA /* SceneDelegate.swift */,
				841EA1942851367600318BCA /* ViewController.swift */,
				841EA1962851367600318BCA /* Main.storyboard */,
				841EA19C2851367900318BCA /* Assets.xcassets */,
				841EA19E2851367900318BCA /* LaunchScreen.storyboard */,
				841EA1A12851367900318BCA /* Info.plist */,
				841EA1992851367600318BCA /* TakeItEasy.xcdatamodeld */,
				84DB6B8628514F52000813FF /* BooksViewController.swift */,
				84DB6B882851927A000813FF /* GeneralBooksCollectionViewCell.swift */,
				84DB6B8A285192AE000813FF /* CookBooksCollectionViewCell.swift */,
				84DB6B8C285192D9000813FF /* TechnicalBooksCollectionViewCell.swift */,
				84DB6B8E28523082000813FF /* BookPDFViewController.swift */,
				84575D5E2853C43000339A17 /* LoginViewController.swift */,
				84575D602853C71B00339A17 /* RegisterViewController.swift */,
				84575D622853C7D400339A17 /* KeyChainManger.swift */,
				7ECAEC9728570C2A00AC3B11 /* UserSingleton.swift */,
				047CB367285A8C290099F98D /* NoteCell.swift */,
				047CB365285A8B3D0099F98D /* NoteTableView.swift */,
				047CB369285A93170099F98D /* NoteDetailVC.swift */,
				047CB36B285A94FD0099F98D /* Note.swift */,
				047CB36F285A98330099F98D /* NoteDBHelp.swift */,
				84575DEB285BBD5F00339A17 /* BookSearchCollectionViewCell.swift */,
				84575DED285F9DB600339A17 /* OTPViewController.swift */,
			);
			path = TakeItEasy;
			sourceTree = "<group>";
		};
		841EA1A7285136BD00318BCA /* Models */ = {
			isa = PBXGroup;
			children = (
				7EE644062859371A00AE353C /* QuizModels.swift */,
				7ECAEC9928570C6200AC3B11 /* APIModels.swift */,
			);
			path = Models;
			sourceTree = "<group>";
		};
		841EA1A82851373500318BCA /* ViewModels */ = {
			isa = PBXGroup;
			children = (
				7E7ADDC8285D1B9700BA7953 /* QuestionaireViewModel.swift */,
				7E7ADDCA285D1B9B00BA7953 /* QuizViewModel.swift */,
				7E7ADDC6285D1B9100BA7953 /* QuizResultViewModel.swift */,
				7EE4E10B285141EA00E0373E /* SearchViewModel.swift */,
			);
			path = ViewModels;
			sourceTree = "<group>";
		};
		841EA1A92851373E00318BCA /* Controllers */ = {
			isa = PBXGroup;
			children = (
				7E7ADDC2285D1B7100BA7953 /* QuizResultViewController.swift */,
				7E7ADDC4285D1B7800BA7953 /* ReviewTableViewCell.swift */,
				7E7ADDC0285D1B6D00BA7953 /* QuestionaireViewController.swift */,
				7E7ADDBE285D1B6A00BA7953 /* QuestionaireTableViewCell.swift */,
				7E7ADDBC285D1B6200BA7953 /* QuizCollectionViewCell.swift */,
				7EE4E109285141C600E0373E /* SearchViewController.swift */,
				7EE6440C28593D8700AE353C /* QuizViewController.swift */,
			);
			path = Controllers;
			sourceTree = "<group>";
		};
		84575D682853C9A000339A17 /* UserModel */ = {
			isa = PBXGroup;
			children = (
				84575D642853C86A00339A17 /* User+CoreDataClass.swift */,
				84575D652853C86A00339A17 /* User+CoreDataProperties.swift */,
			);
			path = UserModel;
			sourceTree = "<group>";
		};
		84575DEF285FA0A100339A17 /* OTPView */ = {
			isa = PBXGroup;
			children = (
				84575DF0285FA0B000339A17 /* OTPView.swift */,
			);
			path = OTPView;
			sourceTree = "<group>";
		};
		84DB6B9228523FC3000813FF /* BooksPDFs */ = {
			isa = PBXGroup;
			children = (
				84940BA128539F4F0089F333 /* bookSample.pdf */,
			);
			path = BooksPDFs;
			sourceTree = "<group>";
		};
/* End PBXGroup section */

/* Begin PBXNativeTarget section */
		841EA18C2851367600318BCA /* TakeItEasy */ = {
			isa = PBXNativeTarget;
			buildConfigurationList = 841EA1A42851367900318BCA /* Build configuration list for PBXNativeTarget "TakeItEasy" */;
			buildPhases = (
				841EA1892851367600318BCA /* Sources */,
				841EA18A2851367600318BCA /* Frameworks */,
				841EA18B2851367600318BCA /* Resources */,
			);
			buildRules = (
			);
			dependencies = (
			);
			name = TakeItEasy;
			productName = TakeItEasy;
			productReference = 841EA18D2851367600318BCA /* TakeItEasy.app */;
			productType = "com.apple.product-type.application";
		};
/* End PBXNativeTarget section */

/* Begin PBXProject section */
		841EA1852851367600318BCA /* Project object */ = {
			isa = PBXProject;
			attributes = {
				BuildIndependentTargetsInParallel = 1;
				LastSwiftUpdateCheck = 1330;
				LastUpgradeCheck = 1330;
				TargetAttributes = {
					841EA18C2851367600318BCA = {
						CreatedOnToolsVersion = 13.3;
					};
				};
			};
			buildConfigurationList = 841EA1882851367600318BCA /* Build configuration list for PBXProject "TakeItEasy" */;
			compatibilityVersion = "Xcode 13.0";
			developmentRegion = en;
			hasScannedForEncodings = 0;
			knownRegions = (
				en,
				Base,
			);
			mainGroup = 841EA1842851367600318BCA;
			productRefGroup = 841EA18E2851367600318BCA /* Products */;
			projectDirPath = "";
			projectRoot = "";
			targets = (
				841EA18C2851367600318BCA /* TakeItEasy */,
			);
		};
/* End PBXProject section */

/* Begin PBXResourcesBuildPhase section */
		841EA18B2851367600318BCA /* Resources */ = {
			isa = PBXResourcesBuildPhase;
			buildActionMask = 2147483647;
			files = (
				7E7ADDBB285D1AB500BA7953 /* Passed.mp3 in Resources */,
				841EA1A02851367900318BCA /* LaunchScreen.storyboard in Resources */,
				841EA19D2851367900318BCA /* Assets.xcassets in Resources */,
				7E7ADDB9285D1AB000BA7953 /* Failed.mp3 in Resources */,
				841EA1982851367600318BCA /* Main.storyboard in Resources */,
				84940BA228539F4F0089F333 /* bookSample.pdf in Resources */,
			);
			runOnlyForDeploymentPostprocessing = 0;
		};
/* End PBXResourcesBuildPhase section */

/* Begin PBXSourcesBuildPhase section */
		841EA1892851367600318BCA /* Sources */ = {
			isa = PBXSourcesBuildPhase;
			buildActionMask = 2147483647;
			files = (
				7ECAEC9A28570C6200AC3B11 /* APIModels.swift in Sources */,
				7E7ADDC3285D1B7100BA7953 /* QuizResultViewController.swift in Sources */,
				84575D5F2853C43000339A17 /* LoginViewController.swift in Sources */,
				84DB6B8B285192AF000813FF /* CookBooksCollectionViewCell.swift in Sources */,
				047CB368285A8C290099F98D /* NoteCell.swift in Sources */,
				84575D672853C86A00339A17 /* User+CoreDataProperties.swift in Sources */,
				047CB36A285A93170099F98D /* NoteDetailVC.swift in Sources */,
				256DD82C2858D80C000FD8CB /* Player.swift in Sources */,
				7ECAEC9828570C2A00AC3B11 /* UserSingleton.swift in Sources */,
				7ECAEC9C28570CB900AC3B11 /* MusicSearchManager.swift in Sources */,
				7EE4E10C285141EA00E0373E /* SearchViewModel.swift in Sources */,
				84575DF1285FA0B000339A17 /* OTPView.swift in Sources */,
				7EE644072859371A00AE353C /* QuizModels.swift in Sources */,
				84575DEE285F9DB600339A17 /* OTPViewController.swift in Sources */,
				7E7ADDCB285D1B9B00BA7953 /* QuizViewModel.swift in Sources */,
				7EE6440B28593B0E00AE353C /* QuizPopulator.swift in Sources */,
				7E7ADDBF285D1B6A00BA7953 /* QuestionaireTableViewCell.swift in Sources */,
				84DB6B8F28523082000813FF /* BookPDFViewController.swift in Sources */,
				7EE4E10A285141C600E0373E /* SearchViewController.swift in Sources */,
				84DB6B892851927A000813FF /* GeneralBooksCollectionViewCell.swift in Sources */,
				841EA1952851367600318BCA /* ViewController.swift in Sources */,
				047CB370285A98330099F98D /* NoteDBHelp.swift in Sources */,
				7E7ADDC1285D1B6D00BA7953 /* QuestionaireViewController.swift in Sources */,
				047CB36C285A94FD0099F98D /* Note.swift in Sources */,
				256DD8262858D7CE000FD8CB /* MusicStreamingViewController.swift in Sources */,
				84575DEC285BBD5F00339A17 /* BookSearchCollectionViewCell.swift in Sources */,
				7EE64409285937D000AE353C /* QuizDBHelper.swift in Sources */,
				841EA1912851367600318BCA /* AppDelegate.swift in Sources */,
				841EA1932851367600318BCA /* SceneDelegate.swift in Sources */,
				256DD8282858D7E9000FD8CB /* SongsCollectionViewCell.swift in Sources */,
				7E7ADDC9285D1B9700BA7953 /* QuestionaireViewModel.swift in Sources */,
				047CB366285A8B3D0099F98D /* NoteTableView.swift in Sources */,
				7E7ADDBD285D1B6200BA7953 /* QuizCollectionViewCell.swift in Sources */,
				84575D632853C7D400339A17 /* KeyChainManger.swift in Sources */,
				256DD82A2858D801000FD8CB /* Song.swift in Sources */,
				841EA19B2851367600318BCA /* TakeItEasy.xcdatamodeld in Sources */,
				7E7ADDC7285D1B9100BA7953 /* QuizResultViewModel.swift in Sources */,
				84575D612853C71B00339A17 /* RegisterViewController.swift in Sources */,
				84DB6B8728514F52000813FF /* BooksViewController.swift in Sources */,
				7EE6440D28593D8700AE353C /* QuizViewController.swift in Sources */,
				84DB6B8D285192D9000813FF /* TechnicalBooksCollectionViewCell.swift in Sources */,
				84575D662853C86A00339A17 /* User+CoreDataClass.swift in Sources */,
				7E7ADDC5285D1B7800BA7953 /* ReviewTableViewCell.swift in Sources */,
			);
			runOnlyForDeploymentPostprocessing = 0;
		};
/* End PBXSourcesBuildPhase section */

/* Begin PBXVariantGroup section */
		841EA1962851367600318BCA /* Main.storyboard */ = {
			isa = PBXVariantGroup;
			children = (
				841EA1972851367600318BCA /* Base */,
			);
			name = Main.storyboard;
			sourceTree = "<group>";
		};
		841EA19E2851367900318BCA /* LaunchScreen.storyboard */ = {
			isa = PBXVariantGroup;
			children = (
				841EA19F2851367900318BCA /* Base */,
			);
			name = LaunchScreen.storyboard;
			sourceTree = "<group>";
		};
/* End PBXVariantGroup section */

/* Begin XCBuildConfiguration section */
		841EA1A22851367900318BCA /* Debug */ = {
			isa = XCBuildConfiguration;
			buildSettings = {
				ALWAYS_SEARCH_USER_PATHS = NO;
				CLANG_ANALYZER_NONNULL = YES;
				CLANG_ANALYZER_NUMBER_OBJECT_CONVERSION = YES_AGGRESSIVE;
				CLANG_CXX_LANGUAGE_STANDARD = "gnu++17";
				CLANG_ENABLE_MODULES = YES;
				CLANG_ENABLE_OBJC_ARC = YES;
				CLANG_ENABLE_OBJC_WEAK = YES;
				CLANG_WARN_BLOCK_CAPTURE_AUTORELEASING = YES;
				CLANG_WARN_BOOL_CONVERSION = YES;
				CLANG_WARN_COMMA = YES;
				CLANG_WARN_CONSTANT_CONVERSION = YES;
				CLANG_WARN_DEPRECATED_OBJC_IMPLEMENTATIONS = YES;
				CLANG_WARN_DIRECT_OBJC_ISA_USAGE = YES_ERROR;
				CLANG_WARN_DOCUMENTATION_COMMENTS = YES;
				CLANG_WARN_EMPTY_BODY = YES;
				CLANG_WARN_ENUM_CONVERSION = YES;
				CLANG_WARN_INFINITE_RECURSION = YES;
				CLANG_WARN_INT_CONVERSION = YES;
				CLANG_WARN_NON_LITERAL_NULL_CONVERSION = YES;
				CLANG_WARN_OBJC_IMPLICIT_RETAIN_SELF = YES;
				CLANG_WARN_OBJC_LITERAL_CONVERSION = YES;
				CLANG_WARN_OBJC_ROOT_CLASS = YES_ERROR;
				CLANG_WARN_QUOTED_INCLUDE_IN_FRAMEWORK_HEADER = YES;
				CLANG_WARN_RANGE_LOOP_ANALYSIS = YES;
				CLANG_WARN_STRICT_PROTOTYPES = YES;
				CLANG_WARN_SUSPICIOUS_MOVE = YES;
				CLANG_WARN_UNGUARDED_AVAILABILITY = YES_AGGRESSIVE;
				CLANG_WARN_UNREACHABLE_CODE = YES;
				CLANG_WARN__DUPLICATE_METHOD_MATCH = YES;
				COPY_PHASE_STRIP = NO;
				DEBUG_INFORMATION_FORMAT = dwarf;
				ENABLE_STRICT_OBJC_MSGSEND = YES;
				ENABLE_TESTABILITY = YES;
				GCC_C_LANGUAGE_STANDARD = gnu11;
				GCC_DYNAMIC_NO_PIC = NO;
				GCC_NO_COMMON_BLOCKS = YES;
				GCC_OPTIMIZATION_LEVEL = 0;
				GCC_PREPROCESSOR_DEFINITIONS = (
					"DEBUG=1",
					"$(inherited)",
				);
				GCC_WARN_64_TO_32_BIT_CONVERSION = YES;
				GCC_WARN_ABOUT_RETURN_TYPE = YES_ERROR;
				GCC_WARN_UNDECLARED_SELECTOR = YES;
				GCC_WARN_UNINITIALIZED_AUTOS = YES_AGGRESSIVE;
				GCC_WARN_UNUSED_FUNCTION = YES;
				GCC_WARN_UNUSED_VARIABLE = YES;
				IPHONEOS_DEPLOYMENT_TARGET = 15.0;
				MTL_ENABLE_DEBUG_INFO = INCLUDE_SOURCE;
				MTL_FAST_MATH = YES;
				ONLY_ACTIVE_ARCH = YES;
				SDKROOT = iphoneos;
				SWIFT_ACTIVE_COMPILATION_CONDITIONS = DEBUG;
				SWIFT_OPTIMIZATION_LEVEL = "-Onone";
			};
			name = Debug;
		};
		841EA1A32851367900318BCA /* Release */ = {
			isa = XCBuildConfiguration;
			buildSettings = {
				ALWAYS_SEARCH_USER_PATHS = NO;
				CLANG_ANALYZER_NONNULL = YES;
				CLANG_ANALYZER_NUMBER_OBJECT_CONVERSION = YES_AGGRESSIVE;
				CLANG_CXX_LANGUAGE_STANDARD = "gnu++17";
				CLANG_ENABLE_MODULES = YES;
				CLANG_ENABLE_OBJC_ARC = YES;
				CLANG_ENABLE_OBJC_WEAK = YES;
				CLANG_WARN_BLOCK_CAPTURE_AUTORELEASING = YES;
				CLANG_WARN_BOOL_CONVERSION = YES;
				CLANG_WARN_COMMA = YES;
				CLANG_WARN_CONSTANT_CONVERSION = YES;
				CLANG_WARN_DEPRECATED_OBJC_IMPLEMENTATIONS = YES;
				CLANG_WARN_DIRECT_OBJC_ISA_USAGE = YES_ERROR;
				CLANG_WARN_DOCUMENTATION_COMMENTS = YES;
				CLANG_WARN_EMPTY_BODY = YES;
				CLANG_WARN_ENUM_CONVERSION = YES;
				CLANG_WARN_INFINITE_RECURSION = YES;
				CLANG_WARN_INT_CONVERSION = YES;
				CLANG_WARN_NON_LITERAL_NULL_CONVERSION = YES;
				CLANG_WARN_OBJC_IMPLICIT_RETAIN_SELF = YES;
				CLANG_WARN_OBJC_LITERAL_CONVERSION = YES;
				CLANG_WARN_OBJC_ROOT_CLASS = YES_ERROR;
				CLANG_WARN_QUOTED_INCLUDE_IN_FRAMEWORK_HEADER = YES;
				CLANG_WARN_RANGE_LOOP_ANALYSIS = YES;
				CLANG_WARN_STRICT_PROTOTYPES = YES;
				CLANG_WARN_SUSPICIOUS_MOVE = YES;
				CLANG_WARN_UNGUARDED_AVAILABILITY = YES_AGGRESSIVE;
				CLANG_WARN_UNREACHABLE_CODE = YES;
				CLANG_WARN__DUPLICATE_METHOD_MATCH = YES;
				COPY_PHASE_STRIP = NO;
				DEBUG_INFORMATION_FORMAT = "dwarf-with-dsym";
				ENABLE_NS_ASSERTIONS = NO;
				ENABLE_STRICT_OBJC_MSGSEND = YES;
				GCC_C_LANGUAGE_STANDARD = gnu11;
				GCC_NO_COMMON_BLOCKS = YES;
				GCC_WARN_64_TO_32_BIT_CONVERSION = YES;
				GCC_WARN_ABOUT_RETURN_TYPE = YES_ERROR;
				GCC_WARN_UNDECLARED_SELECTOR = YES;
				GCC_WARN_UNINITIALIZED_AUTOS = YES_AGGRESSIVE;
				GCC_WARN_UNUSED_FUNCTION = YES;
				GCC_WARN_UNUSED_VARIABLE = YES;
				IPHONEOS_DEPLOYMENT_TARGET = 15.0;
				MTL_ENABLE_DEBUG_INFO = NO;
				MTL_FAST_MATH = YES;
				SDKROOT = iphoneos;
				SWIFT_COMPILATION_MODE = wholemodule;
				SWIFT_OPTIMIZATION_LEVEL = "-O";
				VALIDATE_PRODUCT = YES;
			};
			name = Release;
		};
		841EA1A52851367900318BCA /* Debug */ = {
			isa = XCBuildConfiguration;
			buildSettings = {
				ASSETCATALOG_COMPILER_APPICON_NAME = AppIcon;
				ASSETCATALOG_COMPILER_GLOBAL_ACCENT_COLOR_NAME = AccentColor;
				CODE_SIGN_STYLE = Automatic;
				CURRENT_PROJECT_VERSION = 1;
				GENERATE_INFOPLIST_FILE = YES;
				INFOPLIST_FILE = TakeItEasy/Info.plist;
				INFOPLIST_KEY_NSMicrophoneUsageDescription = "Must Give";
				INFOPLIST_KEY_NSSpeechRecognitionUsageDescription = "Must Give";
				INFOPLIST_KEY_UIApplicationSupportsIndirectInputEvents = YES;
				INFOPLIST_KEY_UILaunchStoryboardName = LaunchScreen;
				INFOPLIST_KEY_UIMainStoryboardFile = Main;
				INFOPLIST_KEY_UISupportedInterfaceOrientations = UIInterfaceOrientationPortrait;
				INFOPLIST_KEY_UISupportedInterfaceOrientations_iPad = "UIInterfaceOrientationPortrait UIInterfaceOrientationPortraitUpsideDown UIInterfaceOrientationLandscapeLeft UIInterfaceOrientationLandscapeRight";
				INFOPLIST_KEY_UISupportedInterfaceOrientations_iPhone = "UIInterfaceOrientationPortrait UIInterfaceOrientationLandscapeLeft UIInterfaceOrientationLandscapeRight";
				LD_RUNPATH_SEARCH_PATHS = (
					"$(inherited)",
					"@executable_path/Frameworks",
				);
				MARKETING_VERSION = 1.0;
				PRODUCT_BUNDLE_IDENTIFIER = Thomas.TakeItEasy;
				PRODUCT_NAME = "$(TARGET_NAME)";
				SWIFT_EMIT_LOC_STRINGS = YES;
				SWIFT_VERSION = 5.0;
				TARGETED_DEVICE_FAMILY = "1,2";
			};
			name = Debug;
		};
		841EA1A62851367900318BCA /* Release */ = {
			isa = XCBuildConfiguration;
			buildSettings = {
				ASSETCATALOG_COMPILER_APPICON_NAME = AppIcon;
				ASSETCATALOG_COMPILER_GLOBAL_ACCENT_COLOR_NAME = AccentColor;
				CODE_SIGN_STYLE = Automatic;
				CURRENT_PROJECT_VERSION = 1;
				GENERATE_INFOPLIST_FILE = YES;
				INFOPLIST_FILE = TakeItEasy/Info.plist;
				INFOPLIST_KEY_NSMicrophoneUsageDescription = "Must Give";
				INFOPLIST_KEY_NSSpeechRecognitionUsageDescription = "Must Give";
				INFOPLIST_KEY_UIApplicationSupportsIndirectInputEvents = YES;
				INFOPLIST_KEY_UILaunchStoryboardName = LaunchScreen;
				INFOPLIST_KEY_UIMainStoryboardFile = Main;
				INFOPLIST_KEY_UISupportedInterfaceOrientations = UIInterfaceOrientationPortrait;
				INFOPLIST_KEY_UISupportedInterfaceOrientations_iPad = "UIInterfaceOrientationPortrait UIInterfaceOrientationPortraitUpsideDown UIInterfaceOrientationLandscapeLeft UIInterfaceOrientationLandscapeRight";
				INFOPLIST_KEY_UISupportedInterfaceOrientations_iPhone = "UIInterfaceOrientationPortrait UIInterfaceOrientationLandscapeLeft UIInterfaceOrientationLandscapeRight";
				LD_RUNPATH_SEARCH_PATHS = (
					"$(inherited)",
					"@executable_path/Frameworks",
				);
				MARKETING_VERSION = 1.0;
				PRODUCT_BUNDLE_IDENTIFIER = Thomas.TakeItEasy;
				PRODUCT_NAME = "$(TARGET_NAME)";
				SWIFT_EMIT_LOC_STRINGS = YES;
				SWIFT_VERSION = 5.0;
				TARGETED_DEVICE_FAMILY = "1,2";
			};
			name = Release;
		};
/* End XCBuildConfiguration section */

/* Begin XCConfigurationList section */
		841EA1882851367600318BCA /* Build configuration list for PBXProject "TakeItEasy" */ = {
			isa = XCConfigurationList;
			buildConfigurations = (
				841EA1A22851367900318BCA /* Debug */,
				841EA1A32851367900318BCA /* Release */,
			);
			defaultConfigurationIsVisible = 0;
			defaultConfigurationName = Release;
		};
		841EA1A42851367900318BCA /* Build configuration list for PBXNativeTarget "TakeItEasy" */ = {
			isa = XCConfigurationList;
			buildConfigurations = (
				841EA1A52851367900318BCA /* Debug */,
				841EA1A62851367900318BCA /* Release */,
			);
			defaultConfigurationIsVisible = 0;
			defaultConfigurationName = Release;
		};
/* End XCConfigurationList section */

/* Begin XCVersionGroup section */
		841EA1992851367600318BCA /* TakeItEasy.xcdatamodeld */ = {
			isa = XCVersionGroup;
			children = (
				841EA19A2851367600318BCA /* TakeItEasy.xcdatamodel */,
			);
			currentVersion = 841EA19A2851367600318BCA /* TakeItEasy.xcdatamodel */;
			path = TakeItEasy.xcdatamodeld;
			sourceTree = "<group>";
			versionGroupType = wrapper.xcdatamodel;
		};
/* End XCVersionGroup section */
	};
	rootObject = 841EA1852851367600318BCA /* Project object */;
}
